
Microsoft Visual Studio Solution File, Format Version 12.00
# Visual Studio Version 16
VisualStudioVersion = 16.0.30717.126
MinimumVisualStudioVersion = 10.0.40219.1
Project("{9A19103F-16F7-4668-BE54-9A1E7A4F7556}") = "BookStore-API", "BookStore-API\BookStore-API.csproj", "{C704B81A-8406-46A3-87F7-1333A80A0EE7}"
EndProject
Project("{9A19103F-16F7-4668-BE54-9A1E7A4F7556}") = "BookStore-UI", "BookStore-UI\BookStore-UI.csproj", "{EEDA0204-31EF-4E22-8966-49B333458A60}"
EndProject
Project("{9A19103F-16F7-4668-BE54-9A1E7A4F7556}") = "BookStore-UI.WASM", "BookStore-UI.WASM\BookStore-UI.WASM.csproj", "{19C911D8-5B58-41F3-9109-8849BE9A39E1}"
EndProject
Global
	GlobalSection(SolutionConfigurationPlatforms) = preSolution
		Debug|Any CPU = Debug|Any CPU
		Release|Any CPU = Release|Any CPU
	EndGlobalSection
	GlobalSection(ProjectConfigurationPlatforms) = postSolution
		{C704B81A-8406-46A3-87F7-1333A80A0EE7}.Debug|Any CPU.ActiveCfg = Debug|Any CPU
		{C704B81A-8406-46A3-87F7-1333A80A0EE7}.Debug|Any CPU.Build.0 = Debug|Any CPU
		{C704B81A-8406-46A3-87F7-1333A80A0EE7}.Release|Any CPU.ActiveCfg = Release|Any CPU
		{C704B81A-8406-46A3-87F7-1333A80A0EE7}.Release|Any CPU.Build.0 = Release|Any CPU
		{EEDA0204-31EF-4E22-8966-49B333458A60}.Debug|Any CPU.ActiveCfg = Debug|Any CPU
		{EEDA0204-31EF-4E22-8966-49B333458A60}.Debug|Any CPU.Build.0 = Debug|Any CPU
		{EEDA0204-31EF-4E22-8966-49B333458A60}.Release|Any CPU.ActiveCfg = Release|Any CPU
		{EEDA0204-31EF-4E22-8966-49B333458A60}.Release|Any CPU.Build.0 = Release|Any CPU
		{19C911D8-5B58-41F3-9109-8849BE9A39E1}.Debug|Any CPU.ActiveCfg = Debug|Any CPU
		{19C911D8-5B58-41F3-9109-8849BE9A39E1}.Debug|Any CPU.Build.0 = Debug|Any CPU
		{19C911D8-5B58-41F3-9109-8849BE9A39E1}.Release|Any CPU.ActiveCfg = Release|Any CPU
		{19C911D8-5B58-41F3-9109-8849BE9A39E1}.Release|Any CPU.Build.0 = Release|Any CPU
	EndGlobalSection
	GlobalSection(SolutionProperties) = preSolution
		HideSolutionNode = FALSE
	EndGlobalSection
	GlobalSection(ExtensibilityGlobals) = postSolution
		SolutionGuid = {3B0CD2FB-B6EF-429B-B047-14E222F2AC98}
	EndGlobalSection
EndGlobal
